
Microsoft Visual Studio Solution File, Format Version 12.00
# Visual Studio Version 17
VisualStudioVersion = 17.6.33712.159
MinimumVisualStudioVersion = 10.0.40219.1
Project("{778DAE3C-4631-46EA-AA77-85C1314464D9}") = "NetClip", "NetClip.vbproj", "{13278106-A8E8-4A3A-B6FB-B1AE971C9D91}"
EndProject
Global
	GlobalSection(SolutionConfigurationPlatforms) = preSolution
		Debug|Any CPU = Debug|Any CPU
		Release|Any CPU = Release|Any CPU
	EndGlobalSection
	GlobalSection(ProjectConfigurationPlatforms) = postSolution
		{13278106-A8E8-4A3A-B6FB-B1AE971C9D91}.Debug|Any CPU.ActiveCfg = Debug|Any CPU
		{13278106-A8E8-4A3A-B6FB-B1AE971C9D91}.Debug|Any CPU.Build.0 = Debug|Any CPU
		{13278106-A8E8-4A3A-B6FB-B1AE971C9D91}.Release|Any CPU.ActiveCfg = Release|Any CPU
		{13278106-A8E8-4A3A-B6FB-B1AE971C9D91}.Release|Any CPU.Build.0 = Release|Any CPU
	EndGlobalSection
	GlobalSection(SolutionProperties) = preSolution
		HideSolutionNode = FALSE
	EndGlobalSection
	GlobalSection(ExtensibilityGlobals) = postSolution
		SolutionGuid = {8E107540-BA12-4276-81DF-EF08F65C27CB}
	EndGlobalSection
EndGlobal
